PODS:
  - Nimble (7.0.3)
  - Quick (1.2.0)
  - Supports (0.1.0)

DEPENDENCIES:
  - Nimble (~> 7.0.2)
  - Quick (~> 1.2.0)
  - Supports (from `../`)

SPEC REPOS:
  https://github.com/cocoapods/specs.git:
    - Nimble
    - Quick

EXTERNAL SOURCES:
  Supports:
    :path: "../"

SPEC CHECKSUMS:
  Nimble: 7f5a9c447a33002645a071bddafbfb24ea70e0ac
  Quick: 58d203b1c5e27fff7229c4c1ae445ad7069a7a08
  Supports: dea9596f8aacd204985d45e6e7613f5221e9dadb

PODFILE CHECKSUM: c61fa6971b693463ed5280f85923bf3fb9f7ef6e

COCOAPODS: 1.6.1
